
Microsoft Visual Studio Solution File, Format Version 12.00
# Visual Studio Version 16
VisualStudioVersion = 16.0.32510.428
MinimumVisualStudioVersion = 10.0.40219.1
Project("{FAE04EC0-301F-11D3-BF4B-00C04F79EFBC}") = "xcp_host", "xcp_host\xcp_host.csproj", "{B4F4210C-3AB3-494D-ABB7-C7F7D40F248F}"
EndProject
Global
	GlobalSection(SolutionConfigurationPlatforms) = preSolution
		Debug|Any CPU = Debug|Any CPU
		Debug|x64 = Debug|x64
		Release|Any CPU = Release|Any CPU
		Release|x64 = Release|x64
	EndGlobalSection
	GlobalSection(ProjectConfigurationPlatforms) = postSolution
		{B4F4210C-3AB3-494D-ABB7-C7F7D40F248F}.Debug|Any CPU.ActiveCfg = Debug|x64
		{B4F4210C-3AB3-494D-ABB7-C7F7D40F248F}.Debug|x64.ActiveCfg = Debug|x64
		{B4F4210C-3AB3-494D-ABB7-C7F7D40F248F}.Debug|x64.Build.0 = Debug|x64
		{B4F4210C-3AB3-494D-ABB7-C7F7D40F248F}.Release|Any CPU.ActiveCfg = Release|x64
		{B4F4210C-3AB3-494D-ABB7-C7F7D40F248F}.Release|x64.ActiveCfg = Release|x64
		{B4F4210C-3AB3-494D-ABB7-C7F7D40F248F}.Release|x64.Build.0 = Release|x64
	EndGlobalSection
	GlobalSection(SolutionProperties) = preSolution
		HideSolutionNode = FALSE
	EndGlobalSection
	GlobalSection(ExtensibilityGlobals) = postSolution
		SolutionGuid = {DA8D34E7-7026-41AA-9F9C-A358FC61DCEA}
	EndGlobalSection
EndGlobal
